
Microsoft Visual Studio Solution File, Format Version 12.00
# Visual Studio 15
VisualStudioVersion = 15.0.28307.539
MinimumVisualStudioVersion = 10.0.40219.1
Project("{FAE04EC0-301F-11D3-BF4B-00C04F79EFBC}") = "PlantPlacesWebService", "PlantPlacesWebService\PlantPlacesWebService.csproj", "{3972DF25-58FE-4970-8F3C-4B1E46217440}"
EndProject
Global
	GlobalSection(SolutionConfigurationPlatforms) = preSolution
		Debug|Any CPU = Debug|Any CPU
		Release|Any CPU = Release|Any CPU
	EndGlobalSection
	GlobalSection(ProjectConfigurationPlatforms) = postSolution
		{3972DF25-58FE-4970-8F3C-4B1E46217440}.Debug|Any CPU.ActiveCfg = Debug|Any CPU
		{3972DF25-58FE-4970-8F3C-4B1E46217440}.Debug|Any CPU.Build.0 = Debug|Any CPU
		{3972DF25-58FE-4970-8F3C-4B1E46217440}.Release|Any CPU.ActiveCfg = Release|Any CPU
		{3972DF25-58FE-4970-8F3C-4B1E46217440}.Release|Any CPU.Build.0 = Release|Any CPU
	EndGlobalSection
	GlobalSection(SolutionProperties) = preSolution
		HideSolutionNode = FALSE
	EndGlobalSection
	GlobalSection(ExtensibilityGlobals) = postSolution
		SolutionGuid = {43C8CD60-D4EF-4444-A205-A298C18F1547}
	EndGlobalSection
EndGlobal
